
Microsoft Visual Studio Solution File, Format Version 12.00
# Visual Studio Version 16
VisualStudioVersion = 16.0.30621.155
MinimumVisualStudioVersion = 10.0.40219.1
Project("{9A19103F-16F7-4668-BE54-9A1E7A4F7556}") = "Codility-Lessons-CSharp", "Codility-Lession-CSharp\Codility-Lessons-CSharp.csproj", "{AB5D2433-33FD-472D-9783-2BB169FBC634}"
EndProject
Project("{9A19103F-16F7-4668-BE54-9A1E7A4F7556}") = "XUnitTests", "XUnitTests\XUnitTests.csproj", "{1182749A-32E6-4962-B3D2-313E595B337E}"
EndProject
Global
	GlobalSection(SolutionConfigurationPlatforms) = preSolution
		Debug|Any CPU = Debug|Any CPU
		Release|Any CPU = Release|Any CPU
	EndGlobalSection
	GlobalSection(ProjectConfigurationPlatforms) = postSolution
		{AB5D2433-33FD-472D-9783-2BB169FBC634}.Debug|Any CPU.ActiveCfg = Debug|Any CPU
		{AB5D2433-33FD-472D-9783-2BB169FBC634}.Debug|Any CPU.Build.0 = Debug|Any CPU
		{AB5D2433-33FD-472D-9783-2BB169FBC634}.Release|Any CPU.ActiveCfg = Release|Any CPU
		{AB5D2433-33FD-472D-9783-2BB169FBC634}.Release|Any CPU.Build.0 = Release|Any CPU
		{1182749A-32E6-4962-B3D2-313E595B337E}.Debug|Any CPU.ActiveCfg = Debug|Any CPU
		{1182749A-32E6-4962-B3D2-313E595B337E}.Debug|Any CPU.Build.0 = Debug|Any CPU
		{1182749A-32E6-4962-B3D2-313E595B337E}.Release|Any CPU.ActiveCfg = Release|Any CPU
		{1182749A-32E6-4962-B3D2-313E595B337E}.Release|Any CPU.Build.0 = Release|Any CPU
	EndGlobalSection
	GlobalSection(SolutionProperties) = preSolution
		HideSolutionNode = FALSE
	EndGlobalSection
	GlobalSection(ExtensibilityGlobals) = postSolution
		SolutionGuid = {1E0F5EF5-5077-42DC-8F9B-C2856E60710D}
	EndGlobalSection
EndGlobal
